
Microsoft Visual Studio Solution File, Format Version 12.00
# Visual Studio 14
VisualStudioVersion = 14.0.25420.1
MinimumVisualStudioVersion = 10.0.40219.1
Project("{FAE04EC0-301F-11D3-BF4B-00C04F79EFBC}") = "PruebaNovoFarma", "PruebaNovoFarma\PruebaNovoFarma.csproj", "{24040A3F-1D09-4FD8-A7A6-E514159F58EF}"
EndProject
Project("{FAE04EC0-301F-11D3-BF4B-00C04F79EFBC}") = "Entidades", "Entidades\Entidades.csproj", "{723FB240-09C7-4888-B8E4-F633E289A153}"
EndProject
Project("{FAE04EC0-301F-11D3-BF4B-00C04F79EFBC}") = "DALXml", "DALXml\DALXml.csproj", "{5365EB39-C3C9-4C11-B11C-52CFD0F6D59D}"
EndProject
Project("{FAE04EC0-301F-11D3-BF4B-00C04F79EFBC}") = "BLL", "BLL\BLL.csproj", "{6C7AE95A-359A-4025-8009-1AEE8CCD5A6C}"
EndProject
Global
	GlobalSection(SolutionConfigurationPlatforms) = preSolution
		Debug|Any CPU = Debug|Any CPU
		Release|Any CPU = Release|Any CPU
	EndGlobalSection
	GlobalSection(ProjectConfigurationPlatforms) = postSolution
		{24040A3F-1D09-4FD8-A7A6-E514159F58EF}.Debug|Any CPU.ActiveCfg = Debug|Any CPU
		{24040A3F-1D09-4FD8-A7A6-E514159F58EF}.Debug|Any CPU.Build.0 = Debug|Any CPU
		{24040A3F-1D09-4FD8-A7A6-E514159F58EF}.Release|Any CPU.ActiveCfg = Release|Any CPU
		{24040A3F-1D09-4FD8-A7A6-E514159F58EF}.Release|Any CPU.Build.0 = Release|Any CPU
		{723FB240-09C7-4888-B8E4-F633E289A153}.Debug|Any CPU.ActiveCfg = Debug|Any CPU
		{723FB240-09C7-4888-B8E4-F633E289A153}.Debug|Any CPU.Build.0 = Debug|Any CPU
		{723FB240-09C7-4888-B8E4-F633E289A153}.Release|Any CPU.ActiveCfg = Release|Any CPU
		{723FB240-09C7-4888-B8E4-F633E289A153}.Release|Any CPU.Build.0 = Release|Any CPU
		{5365EB39-C3C9-4C11-B11C-52CFD0F6D59D}.Debug|Any CPU.ActiveCfg = Debug|Any CPU
		{5365EB39-C3C9-4C11-B11C-52CFD0F6D59D}.Debug|Any CPU.Build.0 = Debug|Any CPU
		{5365EB39-C3C9-4C11-B11C-52CFD0F6D59D}.Release|Any CPU.ActiveCfg = Release|Any CPU
		{5365EB39-C3C9-4C11-B11C-52CFD0F6D59D}.Release|Any CPU.Build.0 = Release|Any CPU
		{6C7AE95A-359A-4025-8009-1AEE8CCD5A6C}.Debug|Any CPU.ActiveCfg = Debug|Any CPU
		{6C7AE95A-359A-4025-8009-1AEE8CCD5A6C}.Debug|Any CPU.Build.0 = Debug|Any CPU
		{6C7AE95A-359A-4025-8009-1AEE8CCD5A6C}.Release|Any CPU.ActiveCfg = Release|Any CPU
		{6C7AE95A-359A-4025-8009-1AEE8CCD5A6C}.Release|Any CPU.Build.0 = Release|Any CPU
	EndGlobalSection
	GlobalSection(SolutionProperties) = preSolution
		HideSolutionNode = FALSE
	EndGlobalSection
EndGlobal
